{
  "nodes": {
    "brew-src": {
      "flake": false,
      "locked": {
        "lastModified": 1780126936,
        "narHash": "sha256-UjFbYgbb5jmmc6SL9UlxzUCw/vQ2ADUEAw72/edZdS8=",
        "owner": "Homebrew",
        "repo": "brew",
        "rev": "fb3b49a1c9b668c66b68ab3c8762b84a5a1bd5e8",
        "type": "github"
      },
      "original": {
        "owner": "Homebrew",
        "repo": "brew",
        "type": "github"
      }
    },
    "claude-code": {
      "inputs": {
        "flake-utils": "flake-utils",
        "nixpkgs": "nixpkgs"
      },
      "locked": {
        "lastModified": 1780109992,
        "narHash": "sha256-qzmk1JsVr3Umi4k9cx5KCLxPSWQpd6NeKCXXSr4bYoY=",
        "owner": "sadjow",
        "repo": "claude-code-nix",
        "rev": "66c8b1714f2d45ce71de002baa89f8652483f245",
        "type": "github"
      },
      "original": {
        "owner": "sadjow",
        "repo": "claude-code-nix",
        "type": "github"
      }
    },
    "flake-utils": {
      "inputs": {
        "systems": "systems"
      },
      "locked": {
        "lastModified": 1731533236,
        "narHash": "sha256-l0KFg5HjrsfsO/JpG+r7fRrqm12kzFHyUHqHCVpMMbI=",
        "owner": "numtide",
        "repo": "flake-utils",
        "rev": "11707dc2f618dd54ca8739b309ec4fc024de578b",
        "type": "github"
      },
      "original": {
        "owner": "numtide",
        "repo": "flake-utils",
        "type": "github"
      }
    },
    "home-manager": {
      "inputs": {
        "nixpkgs": [
          "nixpkgs"
        ]
      },
      "locked": {
        "lastModified": 1778681890,
        "narHash": "sha256-RK4sTgei29wBzLu+e4ljeixKutWhbMygFsdxdFKpZOU=",
        "owner": "nix-community",
        "repo": "home-manager",
        "rev": "7654d90b94bab7eba3a52fd6f73b3f5a4c544fa2",
        "type": "github"
      },
      "original": {
        "owner": "nix-community",
        "repo": "home-manager",
        "type": "github"
      }
    },
    "nix-darwin": {
      "inputs": {
        "nixpkgs": [
          "nixpkgs"
        ]
      },
      "locked": {
        "lastModified": 1779036909,
        "narHash": "sha256-zXcwYQGCT6pzinK+1dBB2ekTVtfxGZAapb3Evdcu4fY=",
        "owner": "LnL7",
        "repo": "nix-darwin",
        "rev": "56c666e108467d87d13508936aade6d567f2a501",
        "type": "github"
      },
      "original": {
        "owner": "LnL7",
        "repo": "nix-darwin",
        "type": "github"
      }
    },
    "nix-homebrew": {
      "inputs": {
        "brew-src": [
          "brew-src"
        ]
      },
      "locked": {
        "lastModified": 1778851564,
        "narHash": "sha256-p8wzcnpB2Iys+QzAKM9/Eyw/pUyqCO3sw/NCnDH4dTE=",
        "owner": "zhaofengli",
        "repo": "nix-homebrew",
        "rev": "b3a87b4793205cc111f3c61e25e018ffac3b8039",
        "type": "github"
      },
      "original": {
        "owner": "zhaofengli",
        "repo": "nix-homebrew",
        "type": "github"
      }
    },
    "nixpkgs": {
      "locked": {
        "lastModified": 1779877693,
        "narHash": "sha256-NOF9NAREhxr50bbBfVcVOq+ArCMSoe8dP79Pk2uyARk=",
        "owner": "NixOS",
        "repo": "nixpkgs",
        "rev": "4100e830e085863741bc69b156ec4ccd53ab5be0",
        "type": "github"
      },
      "original": {
        "owner": "NixOS",
        "ref": "nixpkgs-unstable",
        "repo": "nixpkgs",
        "type": "github"
      }
    },
    "nixpkgs_2": {
      "locked": {
        "lastModified": 1778443072,
        "narHash": "sha256-zi7/fsqM/kFdNuED//4WOCUtezGtKKqRNORjMvfwjnA=",
        "owner": "NixOS",
        "repo": "nixpkgs",
        "rev": "da5ad661ba4e5ef59ba743f0d112cbc30e474f32",
        "type": "github"
      },
      "original": {
        "owner": "NixOS",
        "ref": "nixos-unstable",
        "repo": "nixpkgs",
        "type": "github"
      }
    },
    "root": {
      "inputs": {
        "brew-src": "brew-src",
        "claude-code": "claude-code",
        "home-manager": "home-manager",
        "nix-darwin": "nix-darwin",
        "nix-homebrew": "nix-homebrew",
        "nixpkgs": "nixpkgs_2"
      }
    },
    "systems": {
      "locked": {
        "lastModified": 1681028828,
        "narHash": "sha256-Vy1rq5AaRuLzOxct8nz4T6wlgyUR7zLU309k9mBC768=",
        "owner": "nix-systems",
        "repo": "default",
        "rev": "da67096a3b9bf56a91d16901293e51ba5b49a27e",
        "type": "github"
      },
      "original": {
        "owner": "nix-systems",
        "repo": "default",
        "type": "github"
      }
    }
  },
  "root": "root",
  "version": 7
}
