{
  "nodes": {
    "brew-src": {
      "flake": false,
      "locked": {
        "lastModified": 1769363988,
        "narHash": "sha256-BiGPeulrDVetXP+tjxhMcGLUROZAtZIhU5m4MqawCfM=",
        "owner": "Homebrew",
        "repo": "brew",
        "rev": "d01011cac6d72032c75fd2cd9489909e95d9faf2",
        "type": "github"
      },
      "original": {
        "owner": "Homebrew",
        "ref": "5.0.12",
        "repo": "brew",
        "type": "github"
      }
    },
    "claude-code": {
      "inputs": {
        "flake-utils": "flake-utils",
        "nixpkgs": "nixpkgs"
      },
      "locked": {
        "lastModified": 1772841898,
        "narHash": "sha256-+5WdD9bo2XZIajeO5JPXCUyPotE9DFY9DL38OHYEy1s=",
        "owner": "sadjow",
        "repo": "claude-code-nix",
        "rev": "635219a8ebb214a37e92220a0f292568cfb01da8",
        "type": "github"
      },
      "original": {
        "owner": "sadjow",
        "repo": "claude-code-nix",
        "type": "github"
      }
    },
    "flake-utils": {
      "inputs": {
        "systems": "systems"
      },
      "locked": {
        "lastModified": 1731533236,
        "narHash": "sha256-l0KFg5HjrsfsO/JpG+r7fRrqm12kzFHyUHqHCVpMMbI=",
        "owner": "numtide",
        "repo": "flake-utils",
        "rev": "11707dc2f618dd54ca8739b309ec4fc024de578b",
        "type": "github"
      },
      "original": {
        "owner": "numtide",
        "repo": "flake-utils",
        "type": "github"
      }
    },
    "homebrew-cask": {
      "flake": false,
      "locked": {
        "lastModified": 1772955478,
        "narHash": "sha256-rQn3qwh8N5oXf02c9LrZIBFvkrKBt318UZd8/GFFSsI=",
        "owner": "homebrew",
        "repo": "homebrew-cask",
        "rev": "cf4c04f7f4aa53c9c39ad4cef1ace8b01a8b80bc",
        "type": "github"
      },
      "original": {
        "owner": "homebrew",
        "repo": "homebrew-cask",
        "type": "github"
      }
    },
    "homebrew-core": {
      "flake": false,
      "locked": {
        "lastModified": 1772951441,
        "narHash": "sha256-cbhwZR9QJakrNjSpGTWYlk/f1Fslwvz5ms+XbZaMoYU=",
        "owner": "homebrew",
        "repo": "homebrew-core",
        "rev": "302ecc443e6a72b02bbd19b9b1d7118d97a3509c",
        "type": "github"
      },
      "original": {
        "owner": "homebrew",
        "repo": "homebrew-core",
        "type": "github"
      }
    },
    "homebrew-emacsplus": {
      "flake": false,
      "locked": {
        "lastModified": 1772943793,
        "narHash": "sha256-wAGupB0Srp7XhEfD+ZaTvPpslI62ri6vohHrWU3ywkw=",
        "owner": "d12frosted",
        "repo": "homebrew-emacs-plus",
        "rev": "51f594c995b3b29c4827adf72a65c5ba5fbfc291",
        "type": "github"
      },
      "original": {
        "owner": "d12frosted",
        "repo": "homebrew-emacs-plus",
        "type": "github"
      }
    },
    "homebrew-tw93": {
      "flake": false,
      "locked": {
        "lastModified": 1772695162,
        "narHash": "sha256-J5xP81vXJa11A8n/7xJHR1S2nqbeAm7E88cECSu45sY=",
        "owner": "tw93",
        "repo": "homebrew-tap",
        "rev": "7e6d3c2ae00cb755d7e03118a98c4e4d3317a076",
        "type": "github"
      },
      "original": {
        "owner": "tw93",
        "repo": "homebrew-tap",
        "type": "github"
      }
    },
    "nix-darwin": {
      "inputs": {
        "nixpkgs": [
          "nixpkgs"
        ]
      },
      "locked": {
        "lastModified": 1772379624,
        "narHash": "sha256-NG9LLTWlz4YiaTAiRGChbrzbVxBfX+Auq4Ab/SWmk4A=",
        "owner": "LnL7",
        "repo": "nix-darwin",
        "rev": "52d061516108769656a8bd9c6e811c677ec5b462",
        "type": "github"
      },
      "original": {
        "owner": "LnL7",
        "repo": "nix-darwin",
        "type": "github"
      }
    },
    "nix-homebrew": {
      "inputs": {
        "brew-src": "brew-src"
      },
      "locked": {
        "lastModified": 1769437432,
        "narHash": "sha256-8d7KnCpT2LweRvSzZYEGd9IM3eFX+A78opcnDM0+ndk=",
        "owner": "zhaofengli",
        "repo": "nix-homebrew",
        "rev": "a5409abd0d5013d79775d3419bcac10eacb9d8c5",
        "type": "github"
      },
      "original": {
        "owner": "zhaofengli",
        "repo": "nix-homebrew",
        "type": "github"
      }
    },
    "nixpkgs": {
      "locked": {
        "lastModified": 1772736753,
        "narHash": "sha256-au/m3+EuBLoSzWUCb64a/MZq6QUtOV8oC0D9tY2scPQ=",
        "owner": "NixOS",
        "repo": "nixpkgs",
        "rev": "917fec990948658ef1ccd07cef2a1ef060786846",
        "type": "github"
      },
      "original": {
        "owner": "NixOS",
        "ref": "nixpkgs-unstable",
        "repo": "nixpkgs",
        "type": "github"
      }
    },
    "nixpkgs_2": {
      "locked": {
        "lastModified": 1772736753,
        "narHash": "sha256-au/m3+EuBLoSzWUCb64a/MZq6QUtOV8oC0D9tY2scPQ=",
        "owner": "NixOS",
        "repo": "nixpkgs",
        "rev": "917fec990948658ef1ccd07cef2a1ef060786846",
        "type": "github"
      },
      "original": {
        "owner": "NixOS",
        "ref": "nixpkgs-unstable",
        "repo": "nixpkgs",
        "type": "github"
      }
    },
    "root": {
      "inputs": {
        "claude-code": "claude-code",
        "homebrew-cask": "homebrew-cask",
        "homebrew-core": "homebrew-core",
        "homebrew-emacsplus": "homebrew-emacsplus",
        "homebrew-tw93": "homebrew-tw93",
        "nix-darwin": "nix-darwin",
        "nix-homebrew": "nix-homebrew",
        "nixpkgs": "nixpkgs_2"
      }
    },
    "systems": {
      "locked": {
        "lastModified": 1681028828,
        "narHash": "sha256-Vy1rq5AaRuLzOxct8nz4T6wlgyUR7zLU309k9mBC768=",
        "owner": "nix-systems",
        "repo": "default",
        "rev": "da67096a3b9bf56a91d16901293e51ba5b49a27e",
        "type": "github"
      },
      "original": {
        "owner": "nix-systems",
        "repo": "default",
        "type": "github"
      }
    }
  },
  "root": "root",
  "version": 7
}
